
Microsoft Visual Studio Solution File, Format Version 12.00
# Visual Studio 15
Project("{FAE04EC0-301F-11D3-BF4B-00C04F79EFBC}") = "NonRepeatingSubString", "NonRepeatingSubString\NonRepeatingSubString.csproj", "{6491E2D1-512C-4277-905D-0EAC13F594A4}"
EndProject
Global
	GlobalSection(SolutionConfigurationPlatforms) = preSolution
		Debug|Any CPU = Debug|Any CPU
		Release|Any CPU = Release|Any CPU
	EndGlobalSection
	GlobalSection(ProjectConfigurationPlatforms) = postSolution
		{6491E2D1-512C-4277-905D-0EAC13F594A4}.Debug|Any CPU.ActiveCfg = Debug|Any CPU
		{6491E2D1-512C-4277-905D-0EAC13F594A4}.Debug|Any CPU.Build.0 = Debug|Any CPU
		{6491E2D1-512C-4277-905D-0EAC13F594A4}.Release|Any CPU.ActiveCfg = Release|Any CPU
		{6491E2D1-512C-4277-905D-0EAC13F594A4}.Release|Any CPU.Build.0 = Release|Any CPU
	EndGlobalSection
EndGlobal
